
Microsoft Visual Studio Solution File, Format Version 12.00
# Visual Studio Version 16
VisualStudioVersion = 16.0.31729.503
MinimumVisualStudioVersion = 10.0.40219.1
Project("{FAE04EC0-301F-11D3-BF4B-00C04F79EFBC}") = "RPGgame1", "RPGgame1.csproj", "{A24EF81E-A105-4FA6-A96A-4EE6116A7786}"
EndProject
Global
	GlobalSection(SolutionConfigurationPlatforms) = preSolution
		Debug|Any CPU = Debug|Any CPU
		Release|Any CPU = Release|Any CPU
	EndGlobalSection
	GlobalSection(ProjectConfigurationPlatforms) = postSolution
		{A24EF81E-A105-4FA6-A96A-4EE6116A7786}.Debug|Any CPU.ActiveCfg = Debug|Any CPU
		{A24EF81E-A105-4FA6-A96A-4EE6116A7786}.Debug|Any CPU.Build.0 = Debug|Any CPU
		{A24EF81E-A105-4FA6-A96A-4EE6116A7786}.Release|Any CPU.ActiveCfg = Release|Any CPU
		{A24EF81E-A105-4FA6-A96A-4EE6116A7786}.Release|Any CPU.Build.0 = Release|Any CPU
	EndGlobalSection
	GlobalSection(SolutionProperties) = preSolution
		HideSolutionNode = FALSE
	EndGlobalSection
	GlobalSection(ExtensibilityGlobals) = postSolution
		SolutionGuid = {6BC5C6E2-9A0C-4E73-AA23-A56AEEF40C52}
	EndGlobalSection
EndGlobal
