
Microsoft Visual Studio Solution File, Format Version 12.00
# Visual Studio Version 16
VisualStudioVersion = 16.0.31729.503
MinimumVisualStudioVersion = 10.0.40219.1
Project("{FAE04EC0-301F-11D3-BF4B-00C04F79EFBC}") = "RatioDemo", "RatioDemo.csproj", "{FD353412-C195-4113-9A6F-2F45AE1D6414}"
EndProject
Global
	GlobalSection(SolutionConfigurationPlatforms) = preSolution
		Debug|Any CPU = Debug|Any CPU
		Release|Any CPU = Release|Any CPU
	EndGlobalSection
	GlobalSection(ProjectConfigurationPlatforms) = postSolution
		{FD353412-C195-4113-9A6F-2F45AE1D6414}.Debug|Any CPU.ActiveCfg = Debug|Any CPU
		{FD353412-C195-4113-9A6F-2F45AE1D6414}.Debug|Any CPU.Build.0 = Debug|Any CPU
		{FD353412-C195-4113-9A6F-2F45AE1D6414}.Release|Any CPU.ActiveCfg = Release|Any CPU
		{FD353412-C195-4113-9A6F-2F45AE1D6414}.Release|Any CPU.Build.0 = Release|Any CPU
	EndGlobalSection
	GlobalSection(SolutionProperties) = preSolution
		HideSolutionNode = FALSE
	EndGlobalSection
	GlobalSection(ExtensibilityGlobals) = postSolution
		SolutionGuid = {E01FEC4E-D21F-40D2-BD30-82BEC4BD47F4}
	EndGlobalSection
EndGlobal
